
Microsoft Visual Studio Solution File, Format Version 12.00
# Visual Studio 15
VisualStudioVersion = 15.0.28307.1778
MinimumVisualStudioVersion = 10.0.40219.1
Project("{FAE04EC0-301F-11D3-BF4B-00C04F79EFBC}") = "INS-1_MatrixDesigner", "INS-1_MatrixDesigner\INS-1_MatrixDesigner.csproj", "{00ADEF6E-97BA-4700-81F0-5424074B84DD}"
EndProject
Global
	GlobalSection(SolutionConfigurationPlatforms) = preSolution
		Debug|Any CPU = Debug|Any CPU
		Release|Any CPU = Release|Any CPU
	EndGlobalSection
	GlobalSection(ProjectConfigurationPlatforms) = postSolution
		{00ADEF6E-97BA-4700-81F0-5424074B84DD}.Debug|Any CPU.ActiveCfg = Debug|Any CPU
		{00ADEF6E-97BA-4700-81F0-5424074B84DD}.Debug|Any CPU.Build.0 = Debug|Any CPU
		{00ADEF6E-97BA-4700-81F0-5424074B84DD}.Release|Any CPU.ActiveCfg = Release|Any CPU
		{00ADEF6E-97BA-4700-81F0-5424074B84DD}.Release|Any CPU.Build.0 = Release|Any CPU
	EndGlobalSection
	GlobalSection(SolutionProperties) = preSolution
		HideSolutionNode = FALSE
	EndGlobalSection
	GlobalSection(ExtensibilityGlobals) = postSolution
		SolutionGuid = {5253A568-3905-4185-8FC4-1CC609625F4A}
	EndGlobalSection
EndGlobal
